
Microsoft Visual Studio Solution File, Format Version 12.00
# Visual Studio Version 16
VisualStudioVersion = 16.0.30804.86
MinimumVisualStudioVersion = 10.0.40219.1
Project("{FAE04EC0-301F-11D3-BF4B-00C04F79EFBC}") = "WebAPIS", "WebAPIS\WebAPIS.csproj", "{E75CF1D5-20E2-4ABE-B1C5-1E24FEF8950C}"
EndProject
Project("{FAE04EC0-301F-11D3-BF4B-00C04F79EFBC}") = "ReactAPP", "ReactAPP\ReactAPP.csproj", "{91BB1517-26AB-444A-A7D6-5DD1FC66D0AB}"
EndProject
Project("{9A19103F-16F7-4668-BE54-9A1E7A4F7556}") = "WebAPI1", "WebAPI1\WebAPI1.csproj", "{7499C20C-49E6-4D8C-910A-F2C7B02D13C0}"
EndProject
Project("{9A19103F-16F7-4668-BE54-9A1E7A4F7556}") = "ReactApp1", "ReactApp1\ReactApp1.csproj", "{6FCC5ABE-061A-4827-89C2-681D53ADA8AF}"
EndProject
Project("{FAE04EC0-301F-11D3-BF4B-00C04F79EFBC}") = "ClassLibrary1", "ClassLibrary1\ClassLibrary1.csproj", "{767CFDE7-F988-473F-9260-4573FE01D5D3}"
EndProject
Global
	GlobalSection(SolutionConfigurationPlatforms) = preSolution
		Debug|Any CPU = Debug|Any CPU
		Release|Any CPU = Release|Any CPU
	EndGlobalSection
	GlobalSection(ProjectConfigurationPlatforms) = postSolution
		{E75CF1D5-20E2-4ABE-B1C5-1E24FEF8950C}.Debug|Any CPU.ActiveCfg = Debug|Any CPU
		{E75CF1D5-20E2-4ABE-B1C5-1E24FEF8950C}.Debug|Any CPU.Build.0 = Debug|Any CPU
		{E75CF1D5-20E2-4ABE-B1C5-1E24FEF8950C}.Release|Any CPU.ActiveCfg = Release|Any CPU
		{E75CF1D5-20E2-4ABE-B1C5-1E24FEF8950C}.Release|Any CPU.Build.0 = Release|Any CPU
		{91BB1517-26AB-444A-A7D6-5DD1FC66D0AB}.Debug|Any CPU.ActiveCfg = Debug|Any CPU
		{91BB1517-26AB-444A-A7D6-5DD1FC66D0AB}.Debug|Any CPU.Build.0 = Debug|Any CPU
		{91BB1517-26AB-444A-A7D6-5DD1FC66D0AB}.Release|Any CPU.ActiveCfg = Release|Any CPU
		{91BB1517-26AB-444A-A7D6-5DD1FC66D0AB}.Release|Any CPU.Build.0 = Release|Any CPU
		{7499C20C-49E6-4D8C-910A-F2C7B02D13C0}.Debug|Any CPU.ActiveCfg = Debug|Any CPU
		{7499C20C-49E6-4D8C-910A-F2C7B02D13C0}.Debug|Any CPU.Build.0 = Debug|Any CPU
		{7499C20C-49E6-4D8C-910A-F2C7B02D13C0}.Release|Any CPU.ActiveCfg = Release|Any CPU
		{7499C20C-49E6-4D8C-910A-F2C7B02D13C0}.Release|Any CPU.Build.0 = Release|Any CPU
		{6FCC5ABE-061A-4827-89C2-681D53ADA8AF}.Debug|Any CPU.ActiveCfg = Debug|Any CPU
		{6FCC5ABE-061A-4827-89C2-681D53ADA8AF}.Debug|Any CPU.Build.0 = Debug|Any CPU
		{6FCC5ABE-061A-4827-89C2-681D53ADA8AF}.Release|Any CPU.ActiveCfg = Release|Any CPU
		{6FCC5ABE-061A-4827-89C2-681D53ADA8AF}.Release|Any CPU.Build.0 = Release|Any CPU
		{767CFDE7-F988-473F-9260-4573FE01D5D3}.Debug|Any CPU.ActiveCfg = Debug|Any CPU
		{767CFDE7-F988-473F-9260-4573FE01D5D3}.Debug|Any CPU.Build.0 = Debug|Any CPU
		{767CFDE7-F988-473F-9260-4573FE01D5D3}.Release|Any CPU.ActiveCfg = Release|Any CPU
		{767CFDE7-F988-473F-9260-4573FE01D5D3}.Release|Any CPU.Build.0 = Release|Any CPU
	EndGlobalSection
	GlobalSection(SolutionProperties) = preSolution
		HideSolutionNode = FALSE
	EndGlobalSection
	GlobalSection(ExtensibilityGlobals) = postSolution
		SolutionGuid = {B993C0E4-DB1E-4DC6-B934-8F6E5551615A}
	EndGlobalSection
EndGlobal
